
Microsoft Visual Studio Solution File, Format Version 12.00
# Visual Studio 2013
VisualStudioVersion = 12.0.31101.0
MinimumVisualStudioVersion = 10.0.40219.1
Project("{FAE04EC0-301F-11D3-BF4B-00C04F79EFBC}") = "Yamon.WeatherCloud.WebSite", "Yamon.WeatherCloud.WebSite\Yamon.WeatherCloud.WebSite.csproj", "{C6C4F7DA-00F7-479F-B11F-A0EAF42948EB}"
EndProject
Project("{2150E333-8FDC-42A3-9474-1A3956D46DE8}") = "Weather", "Weather", "{014E9316-F574-44EC-9D5C-32D7D4104159}"
EndProject
Project("{FAE04EC0-301F-11D3-BF4B-00C04F79EFBC}") = "Yamon.Module.Weather.DAL", "Weather\Yamon.Module.Weather.DAL\Yamon.Module.Weather.DAL.csproj", "{2FE7AB09-BE57-4FE5-A89E-21CAD9848094}"
EndProject
Project("{FAE04EC0-301F-11D3-BF4B-00C04F79EFBC}") = "Yamon.Module.Weather.Entity", "Weather\Yamon.Module.Weather.Entity\Yamon.Module.Weather.Entity.csproj", "{96698535-C0A0-4BFC-9B2C-5A81FD5B6E3D}"
EndProject
Project("{FAE04EC0-301F-11D3-BF4B-00C04F79EFBC}") = "Yamon.Module.Weather.Web", "Weather\Yamon.Module.Weather.Web\Yamon.Module.Weather.Web.csproj", "{628D41D1-44B9-41DD-AA74-20EB227DDADD}"
EndProject
Project("{FAE04EC0-301F-11D3-BF4B-00C04F79EFBC}") = "Yamon.Module.Weather.WebApi", "Weather\Yamon.Module.Weather.WebApi\Yamon.Module.Weather.WebApi.csproj", "{8795B30F-5064-410F-9AA9-57BE932AFA16}"
EndProject
Project("{2150E333-8FDC-42A3-9474-1A3956D46DE8}") = "Typhoon", "Typhoon", "{BCD95F62-984D-4843-A78E-A94C5C61BAE5}"
EndProject
Project("{FAE04EC0-301F-11D3-BF4B-00C04F79EFBC}") = "Yamon.Module.Typhoon.DAL", "Typhoon\Yamon.Module.Typhoon.DAL\Yamon.Module.Typhoon.DAL.csproj", "{D6523935-7C9A-45AE-BD34-D7D12A91E152}"
EndProject
Project("{FAE04EC0-301F-11D3-BF4B-00C04F79EFBC}") = "Yamon.Module.Typhoon.Entity", "Typhoon\Yamon.Module.Typhoon.Entity\Yamon.Module.Typhoon.Entity.csproj", "{8CDA2B60-94ED-4BE0-BE92-F3CDCEDC2A6C}"
EndProject
Project("{FAE04EC0-301F-11D3-BF4B-00C04F79EFBC}") = "Yamon.Module.Typhoon.Web", "Typhoon\Yamon.Module.Typhoon.Web\Yamon.Module.Typhoon.Web.csproj", "{A5C516CE-7CA8-432A-8DA1-D01DB7CBFFAA}"
EndProject
Project("{FAE04EC0-301F-11D3-BF4B-00C04F79EFBC}") = "Yamon.Module.Typhoon.WebApi", "Typhoon\Yamon.Module.Typhoon.WebApi\Yamon.Module.Typhoon.WebApi.csproj", "{84ECEF30-EA86-4E2D-ABE2-10B316B15C43}"
EndProject
Project("{2150E333-8FDC-42A3-9474-1A3956D46DE8}") = "ZDZ", "ZDZ", "{AE3198A6-211A-4E8E-9F0B-EA176F8A962D}"
EndProject
Project("{FAE04EC0-301F-11D3-BF4B-00C04F79EFBC}") = "Yamon.Module.zdz.DAL", "zdz\Yamon.Module.zdz.DAL\Yamon.Module.zdz.DAL.csproj", "{FD814A9D-061D-417C-B1DD-1748A36ED6F8}"
EndProject
Project("{FAE04EC0-301F-11D3-BF4B-00C04F79EFBC}") = "Yamon.Module.zdz.Entity", "zdz\Yamon.Module.zdz.Entity\Yamon.Module.zdz.Entity.csproj", "{90D0FB7A-2001-4822-B318-E172B201FFE1}"
EndProject
Project("{FAE04EC0-301F-11D3-BF4B-00C04F79EFBC}") = "Yamon.Module.zdz.WebApi", "zdz\Yamon.Module.zdz.WebApi\Yamon.Module.zdz.WebApi.csproj", "{24025061-627C-44AB-80FB-52FE9058BEC5}"
EndProject
Project("{FAE04EC0-301F-11D3-BF4B-00C04F79EFBC}") = "Yamon.Module.zdz.Web", "zdz\Yamon.Module.zdz.Web\Yamon.Module.zdz.Web.csproj", "{A70AB940-D889-4B44-BBB1-E6475A9BCBFE}"
EndProject
Project("{FAE04EC0-301F-11D3-BF4B-00C04F79EFBC}") = "BaoShanWeiXing", "BaoShanWeiXing\BaoShanWeiXing.csproj", "{22BC876B-1A11-40A5-B32C-2EA628233E0E}"
EndProject
Project("{FAE04EC0-301F-11D3-BF4B-00C04F79EFBC}") = "Yamon.Monitor.WeixinMP.CommonService", "WeiXin\Yamon.Monitor.WeixinMP.CommonService\Yamon.Monitor.WeixinMP.CommonService.csproj", "{CCD291E9-16FA-4B53-B032-EBD3F659567B}"
EndProject
Project("{FAE04EC0-301F-11D3-BF4B-00C04F79EFBC}") = "Yamon.Module.WeiXin.Web", "WeiXin\Yamon.Module.WeiXin.Web\Yamon.Module.WeiXin.Web.csproj", "{F64E35EA-871D-49EA-A802-0436E83ECB4D}"
EndProject
Project("{2150E333-8FDC-42A3-9474-1A3956D46DE8}") = "UCenter", "UCenter", "{FB0C99B7-9BC0-48AF-8C53-C466C78F73C5}"
EndProject
Project("{FAE04EC0-301F-11D3-BF4B-00C04F79EFBC}") = "Yamon.Module.UCenter.DAL", "UCenter\Yamon.Module.UCenter.DAL\Yamon.Module.UCenter.DAL.csproj", "{70153D81-814A-4E37-8B1D-104CC038649A}"
EndProject
Project("{FAE04EC0-301F-11D3-BF4B-00C04F79EFBC}") = "Yamon.Module.UCenter.Entity", "UCenter\Yamon.Module.UCenter.Entity\Yamon.Module.UCenter.Entity.csproj", "{61269D27-DBEF-4EE3-90A5-8AA003255AA5}"
EndProject
Project("{FAE04EC0-301F-11D3-BF4B-00C04F79EFBC}") = "Yamon.Module.UCenter.Web", "UCenter\Yamon.Module.UCenter.Web\Yamon.Module.UCenter.Web.csproj", "{51DC9A33-369F-46A5-AEBD-4D25BB458C65}"
EndProject
Project("{FAE04EC0-301F-11D3-BF4B-00C04F79EFBC}") = "Yamon.Module.UCenter.WebApi", "UCenter\Yamon.Module.UCenter.WebApi\Yamon.Module.UCenter.WebApi.csproj", "{5471B47D-DF99-490C-A599-76800ED84EC7}"
EndProject
Global
	GlobalSection(SolutionConfigurationPlatforms) = preSolution
		Debug|Any CPU = Debug|Any CPU
		Release|Any CPU = Release|Any CPU
	EndGlobalSection
	GlobalSection(ProjectConfigurationPlatforms) = postSolution
		{C6C4F7DA-00F7-479F-B11F-A0EAF42948EB}.Debug|Any CPU.ActiveCfg = Debug|Any CPU
		{C6C4F7DA-00F7-479F-B11F-A0EAF42948EB}.Debug|Any CPU.Build.0 = Debug|Any CPU
		{C6C4F7DA-00F7-479F-B11F-A0EAF42948EB}.Release|Any CPU.ActiveCfg = Release|Any CPU
		{C6C4F7DA-00F7-479F-B11F-A0EAF42948EB}.Release|Any CPU.Build.0 = Release|Any CPU
		{2FE7AB09-BE57-4FE5-A89E-21CAD9848094}.Debug|Any CPU.ActiveCfg = Debug|Any CPU
		{2FE7AB09-BE57-4FE5-A89E-21CAD9848094}.Debug|Any CPU.Build.0 = Debug|Any CPU
		{2FE7AB09-BE57-4FE5-A89E-21CAD9848094}.Release|Any CPU.ActiveCfg = Release|Any CPU
		{2FE7AB09-BE57-4FE5-A89E-21CAD9848094}.Release|Any CPU.Build.0 = Release|Any CPU
		{96698535-C0A0-4BFC-9B2C-5A81FD5B6E3D}.Debug|Any CPU.ActiveCfg = Debug|Any CPU
		{96698535-C0A0-4BFC-9B2C-5A81FD5B6E3D}.Debug|Any CPU.Build.0 = Debug|Any CPU
		{96698535-C0A0-4BFC-9B2C-5A81FD5B6E3D}.Release|Any CPU.ActiveCfg = Release|Any CPU
		{96698535-C0A0-4BFC-9B2C-5A81FD5B6E3D}.Release|Any CPU.Build.0 = Release|Any CPU
		{628D41D1-44B9-41DD-AA74-20EB227DDADD}.Debug|Any CPU.ActiveCfg = Debug|Any CPU
		{628D41D1-44B9-41DD-AA74-20EB227DDADD}.Debug|Any CPU.Build.0 = Debug|Any CPU
		{628D41D1-44B9-41DD-AA74-20EB227DDADD}.Release|Any CPU.ActiveCfg = Release|Any CPU
		{628D41D1-44B9-41DD-AA74-20EB227DDADD}.Release|Any CPU.Build.0 = Release|Any CPU
		{8795B30F-5064-410F-9AA9-57BE932AFA16}.Debug|Any CPU.ActiveCfg = Debug|Any CPU
		{8795B30F-5064-410F-9AA9-57BE932AFA16}.Debug|Any CPU.Build.0 = Debug|Any CPU
		{8795B30F-5064-410F-9AA9-57BE932AFA16}.Release|Any CPU.ActiveCfg = Release|Any CPU
		{8795B30F-5064-410F-9AA9-57BE932AFA16}.Release|Any CPU.Build.0 = Release|Any CPU
		{D6523935-7C9A-45AE-BD34-D7D12A91E152}.Debug|Any CPU.ActiveCfg = Debug|Any CPU
		{D6523935-7C9A-45AE-BD34-D7D12A91E152}.Debug|Any CPU.Build.0 = Debug|Any CPU
		{D6523935-7C9A-45AE-BD34-D7D12A91E152}.Release|Any CPU.ActiveCfg = Release|Any CPU
		{D6523935-7C9A-45AE-BD34-D7D12A91E152}.Release|Any CPU.Build.0 = Release|Any CPU
		{8CDA2B60-94ED-4BE0-BE92-F3CDCEDC2A6C}.Debug|Any CPU.ActiveCfg = Debug|Any CPU
		{8CDA2B60-94ED-4BE0-BE92-F3CDCEDC2A6C}.Debug|Any CPU.Build.0 = Debug|Any CPU
		{8CDA2B60-94ED-4BE0-BE92-F3CDCEDC2A6C}.Release|Any CPU.ActiveCfg = Release|Any CPU
		{8CDA2B60-94ED-4BE0-BE92-F3CDCEDC2A6C}.Release|Any CPU.Build.0 = Release|Any CPU
		{A5C516CE-7CA8-432A-8DA1-D01DB7CBFFAA}.Debug|Any CPU.ActiveCfg = Debug|Any CPU
		{A5C516CE-7CA8-432A-8DA1-D01DB7CBFFAA}.Debug|Any CPU.Build.0 = Debug|Any CPU
		{A5C516CE-7CA8-432A-8DA1-D01DB7CBFFAA}.Release|Any CPU.ActiveCfg = Release|Any CPU
		{A5C516CE-7CA8-432A-8DA1-D01DB7CBFFAA}.Release|Any CPU.Build.0 = Release|Any CPU
		{84ECEF30-EA86-4E2D-ABE2-10B316B15C43}.Debug|Any CPU.ActiveCfg = Debug|Any CPU
		{84ECEF30-EA86-4E2D-ABE2-10B316B15C43}.Debug|Any CPU.Build.0 = Debug|Any CPU
		{84ECEF30-EA86-4E2D-ABE2-10B316B15C43}.Release|Any CPU.ActiveCfg = Release|Any CPU
		{84ECEF30-EA86-4E2D-ABE2-10B316B15C43}.Release|Any CPU.Build.0 = Release|Any CPU
		{FD814A9D-061D-417C-B1DD-1748A36ED6F8}.Debug|Any CPU.ActiveCfg = Debug|Any CPU
		{FD814A9D-061D-417C-B1DD-1748A36ED6F8}.Debug|Any CPU.Build.0 = Debug|Any CPU
		{FD814A9D-061D-417C-B1DD-1748A36ED6F8}.Release|Any CPU.ActiveCfg = Release|Any CPU
		{FD814A9D-061D-417C-B1DD-1748A36ED6F8}.Release|Any CPU.Build.0 = Release|Any CPU
		{90D0FB7A-2001-4822-B318-E172B201FFE1}.Debug|Any CPU.ActiveCfg = Debug|Any CPU
		{90D0FB7A-2001-4822-B318-E172B201FFE1}.Debug|Any CPU.Build.0 = Debug|Any CPU
		{90D0FB7A-2001-4822-B318-E172B201FFE1}.Release|Any CPU.ActiveCfg = Release|Any CPU
		{90D0FB7A-2001-4822-B318-E172B201FFE1}.Release|Any CPU.Build.0 = Release|Any CPU
		{24025061-627C-44AB-80FB-52FE9058BEC5}.Debug|Any CPU.ActiveCfg = Debug|Any CPU
		{24025061-627C-44AB-80FB-52FE9058BEC5}.Debug|Any CPU.Build.0 = Debug|Any CPU
		{24025061-627C-44AB-80FB-52FE9058BEC5}.Release|Any CPU.ActiveCfg = Release|Any CPU
		{24025061-627C-44AB-80FB-52FE9058BEC5}.Release|Any CPU.Build.0 = Release|Any CPU
		{A70AB940-D889-4B44-BBB1-E6475A9BCBFE}.Debug|Any CPU.ActiveCfg = Debug|Any CPU
		{A70AB940-D889-4B44-BBB1-E6475A9BCBFE}.Debug|Any CPU.Build.0 = Debug|Any CPU
		{A70AB940-D889-4B44-BBB1-E6475A9BCBFE}.Release|Any CPU.ActiveCfg = Release|Any CPU
		{A70AB940-D889-4B44-BBB1-E6475A9BCBFE}.Release|Any CPU.Build.0 = Release|Any CPU
		{22BC876B-1A11-40A5-B32C-2EA628233E0E}.Debug|Any CPU.ActiveCfg = Debug|Any CPU
		{22BC876B-1A11-40A5-B32C-2EA628233E0E}.Debug|Any CPU.Build.0 = Debug|Any CPU
		{22BC876B-1A11-40A5-B32C-2EA628233E0E}.Release|Any CPU.ActiveCfg = Release|Any CPU
		{22BC876B-1A11-40A5-B32C-2EA628233E0E}.Release|Any CPU.Build.0 = Release|Any CPU
		{CCD291E9-16FA-4B53-B032-EBD3F659567B}.Debug|Any CPU.ActiveCfg = Debug|Any CPU
		{CCD291E9-16FA-4B53-B032-EBD3F659567B}.Debug|Any CPU.Build.0 = Debug|Any CPU
		{CCD291E9-16FA-4B53-B032-EBD3F659567B}.Release|Any CPU.ActiveCfg = Release|Any CPU
		{CCD291E9-16FA-4B53-B032-EBD3F659567B}.Release|Any CPU.Build.0 = Release|Any CPU
		{F64E35EA-871D-49EA-A802-0436E83ECB4D}.Debug|Any CPU.ActiveCfg = Debug|Any CPU
		{F64E35EA-871D-49EA-A802-0436E83ECB4D}.Debug|Any CPU.Build.0 = Debug|Any CPU
		{F64E35EA-871D-49EA-A802-0436E83ECB4D}.Release|Any CPU.ActiveCfg = Release|Any CPU
		{F64E35EA-871D-49EA-A802-0436E83ECB4D}.Release|Any CPU.Build.0 = Release|Any CPU
		{70153D81-814A-4E37-8B1D-104CC038649A}.Debug|Any CPU.ActiveCfg = Debug|Any CPU
		{70153D81-814A-4E37-8B1D-104CC038649A}.Debug|Any CPU.Build.0 = Debug|Any CPU
		{70153D81-814A-4E37-8B1D-104CC038649A}.Release|Any CPU.ActiveCfg = Release|Any CPU
		{70153D81-814A-4E37-8B1D-104CC038649A}.Release|Any CPU.Build.0 = Release|Any CPU
		{61269D27-DBEF-4EE3-90A5-8AA003255AA5}.Debug|Any CPU.ActiveCfg = Debug|Any CPU
		{61269D27-DBEF-4EE3-90A5-8AA003255AA5}.Debug|Any CPU.Build.0 = Debug|Any CPU
		{61269D27-DBEF-4EE3-90A5-8AA003255AA5}.Release|Any CPU.ActiveCfg = Release|Any CPU
		{61269D27-DBEF-4EE3-90A5-8AA003255AA5}.Release|Any CPU.Build.0 = Release|Any CPU
		{51DC9A33-369F-46A5-AEBD-4D25BB458C65}.Debug|Any CPU.ActiveCfg = Debug|Any CPU
		{51DC9A33-369F-46A5-AEBD-4D25BB458C65}.Debug|Any CPU.Build.0 = Debug|Any CPU
		{51DC9A33-369F-46A5-AEBD-4D25BB458C65}.Release|Any CPU.ActiveCfg = Release|Any CPU
		{51DC9A33-369F-46A5-AEBD-4D25BB458C65}.Release|Any CPU.Build.0 = Release|Any CPU
		{5471B47D-DF99-490C-A599-76800ED84EC7}.Debug|Any CPU.ActiveCfg = Debug|Any CPU
		{5471B47D-DF99-490C-A599-76800ED84EC7}.Debug|Any CPU.Build.0 = Debug|Any CPU
		{5471B47D-DF99-490C-A599-76800ED84EC7}.Release|Any CPU.ActiveCfg = Release|Any CPU
		{5471B47D-DF99-490C-A599-76800ED84EC7}.Release|Any CPU.Build.0 = Release|Any CPU
	EndGlobalSection
	GlobalSection(SolutionProperties) = preSolution
		HideSolutionNode = FALSE
	EndGlobalSection
	GlobalSection(NestedProjects) = preSolution
		{2FE7AB09-BE57-4FE5-A89E-21CAD9848094} = {014E9316-F574-44EC-9D5C-32D7D4104159}
		{96698535-C0A0-4BFC-9B2C-5A81FD5B6E3D} = {014E9316-F574-44EC-9D5C-32D7D4104159}
		{628D41D1-44B9-41DD-AA74-20EB227DDADD} = {014E9316-F574-44EC-9D5C-32D7D4104159}
		{8795B30F-5064-410F-9AA9-57BE932AFA16} = {014E9316-F574-44EC-9D5C-32D7D4104159}
		{D6523935-7C9A-45AE-BD34-D7D12A91E152} = {BCD95F62-984D-4843-A78E-A94C5C61BAE5}
		{8CDA2B60-94ED-4BE0-BE92-F3CDCEDC2A6C} = {BCD95F62-984D-4843-A78E-A94C5C61BAE5}
		{A5C516CE-7CA8-432A-8DA1-D01DB7CBFFAA} = {BCD95F62-984D-4843-A78E-A94C5C61BAE5}
		{84ECEF30-EA86-4E2D-ABE2-10B316B15C43} = {BCD95F62-984D-4843-A78E-A94C5C61BAE5}
		{FD814A9D-061D-417C-B1DD-1748A36ED6F8} = {AE3198A6-211A-4E8E-9F0B-EA176F8A962D}
		{90D0FB7A-2001-4822-B318-E172B201FFE1} = {AE3198A6-211A-4E8E-9F0B-EA176F8A962D}
		{24025061-627C-44AB-80FB-52FE9058BEC5} = {AE3198A6-211A-4E8E-9F0B-EA176F8A962D}
		{A70AB940-D889-4B44-BBB1-E6475A9BCBFE} = {AE3198A6-211A-4E8E-9F0B-EA176F8A962D}
		{70153D81-814A-4E37-8B1D-104CC038649A} = {FB0C99B7-9BC0-48AF-8C53-C466C78F73C5}
		{61269D27-DBEF-4EE3-90A5-8AA003255AA5} = {FB0C99B7-9BC0-48AF-8C53-C466C78F73C5}
		{51DC9A33-369F-46A5-AEBD-4D25BB458C65} = {FB0C99B7-9BC0-48AF-8C53-C466C78F73C5}
		{5471B47D-DF99-490C-A599-76800ED84EC7} = {FB0C99B7-9BC0-48AF-8C53-C466C78F73C5}
	EndGlobalSection
EndGlobal
